{
  "object": {
    "pins": [
      {
        "package": "Rainbow",
        "repositoryURL": "https://github.com/onevcat/Rainbow.git",
        "state": {
          "branch": null,
          "revision": "cdf146ae671b2624917648b61c908d1244b98ca1",
          "version": "4.2.1"
        }
      },
      {
        "package": "Releases",
        "repositoryURL": "https://github.com/Nef10/Releases.git",
        "state": {
          "branch": null,
          "revision": "e037515e9bc0a77d9897321fee62bef3e02ef802",
          "version": "5.0.1"
        }
      },
      {
        "package": "Require",
        "repositoryURL": "https://github.com/JohnSundell/Require.git",
        "state": {
          "branch": null,
          "revision": "7cfbd0d8a2dede0e01f6f0d8ab2c7acef1df112e",
          "version": "2.0.1"
        }
      },
      {
        "package": "ShellOut",
        "repositoryURL": "https://github.com/Nef10/ShellOut.git",
        "state": {
          "branch": null,
          "revision": "38237fd663f1cb45eb92d41a308d9c77be77a319",
          "version": "2.3.1"
        }
      },
      {
        "package": "swift-argument-parser",
        "repositoryURL": "https://github.com/apple/swift-argument-parser",
        "state": {
          "branch": null,
          "revision": "c5d11a805e765f52ba34ec7284bd4fcd6ba68615",
          "version": "1.7.0"
        }
      }
    ]
  },
  "version": 1
}
